
Microsoft Visual Studio Solution File, Format Version 12.00
# Visual Studio Version 17
VisualStudioVersion = 17.9.34607.119
MinimumVisualStudioVersion = 10.0.40219.1
Project("{FAE04EC0-301F-11D3-BF4B-00C04F79EFBC}") = "AI_Integration", "AI_Integration.csproj", "{3EB58FD1-D77D-4086-A61F-70FB7A72B468}"
EndProject
Project("{FAE04EC0-301F-11D3-BF4B-00C04F79EFBC}") = "AI_Integration.Tests", "AI_Integration.Tests\AI_Integration.Tests.csproj", "{9928DEF1-9D29-4F63-A459-3B338BE1D4B5}"
EndProject
Global
	GlobalSection(SolutionConfigurationPlatforms) = preSolution
		Debug|Any CPU = Debug|Any CPU
		Debug|x64 = Debug|x64
		Debug|x86 = Debug|x86
		Release|Any CPU = Release|Any CPU
		Release|x64 = Release|x64
		Release|x86 = Release|x86
	EndGlobalSection
	GlobalSection(ProjectConfigurationPlatforms) = postSolution
		{3EB58FD1-D77D-4086-A61F-70FB7A72B468}.Debug|Any CPU.ActiveCfg = Debug|Any CPU
		{3EB58FD1-D77D-4086-A61F-70FB7A72B468}.Debug|Any CPU.Build.0 = Debug|Any CPU
		{3EB58FD1-D77D-4086-A61F-70FB7A72B468}.Debug|x64.ActiveCfg = Debug|Any CPU
		{3EB58FD1-D77D-4086-A61F-70FB7A72B468}.Debug|x64.Build.0 = Debug|Any CPU
		{3EB58FD1-D77D-4086-A61F-70FB7A72B468}.Debug|x86.ActiveCfg = Debug|Any CPU
		{3EB58FD1-D77D-4086-A61F-70FB7A72B468}.Debug|x86.Build.0 = Debug|Any CPU
		{3EB58FD1-D77D-4086-A61F-70FB7A72B468}.Release|Any CPU.ActiveCfg = Release|Any CPU
		{3EB58FD1-D77D-4086-A61F-70FB7A72B468}.Release|Any CPU.Build.0 = Release|Any CPU
		{3EB58FD1-D77D-4086-A61F-70FB7A72B468}.Release|x64.ActiveCfg = Release|Any CPU
		{3EB58FD1-D77D-4086-A61F-70FB7A72B468}.Release|x64.Build.0 = Release|Any CPU
		{3EB58FD1-D77D-4086-A61F-70FB7A72B468}.Release|x86.ActiveCfg = Release|Any CPU
		{3EB58FD1-D77D-4086-A61F-70FB7A72B468}.Release|x86.Build.0 = Release|Any CPU
		{9928DEF1-9D29-4F63-A459-3B338BE1D4B5}.Debug|Any CPU.ActiveCfg = Debug|Any CPU
		{9928DEF1-9D29-4F63-A459-3B338BE1D4B5}.Debug|Any CPU.Build.0 = Debug|Any CPU
		{9928DEF1-9D29-4F63-A459-3B338BE1D4B5}.Debug|x64.ActiveCfg = Debug|Any CPU
		{9928DEF1-9D29-4F63-A459-3B338BE1D4B5}.Debug|x64.Build.0 = Debug|Any CPU
		{9928DEF1-9D29-4F63-A459-3B338BE1D4B5}.Debug|x86.ActiveCfg = Debug|Any CPU
		{9928DEF1-9D29-4F63-A459-3B338BE1D4B5}.Debug|x86.Build.0 = Debug|Any CPU
		{9928DEF1-9D29-4F63-A459-3B338BE1D4B5}.Release|Any CPU.ActiveCfg = Release|Any CPU
		{9928DEF1-9D29-4F63-A459-3B338BE1D4B5}.Release|Any CPU.Build.0 = Release|Any CPU
		{9928DEF1-9D29-4F63-A459-3B338BE1D4B5}.Release|x64.ActiveCfg = Release|Any CPU
		{9928DEF1-9D29-4F63-A459-3B338BE1D4B5}.Release|x64.Build.0 = Release|Any CPU
		{9928DEF1-9D29-4F63-A459-3B338BE1D4B5}.Release|x86.ActiveCfg = Release|Any CPU
		{9928DEF1-9D29-4F63-A459-3B338BE1D4B5}.Release|x86.Build.0 = Release|Any CPU
	EndGlobalSection
	GlobalSection(SolutionProperties) = preSolution
		HideSolutionNode = FALSE
	EndGlobalSection
	GlobalSection(ExtensibilityGlobals) = postSolution
		SolutionGuid = {BAE7FC47-40BE-4ED7-83D7-6E1BA626F1A0}
	EndGlobalSection
EndGlobal
